
Microsoft Visual Studio Solution File, Format Version 12.00
# Visual Studio Version 17
VisualStudioVersion = 17.9.34607.119
MinimumVisualStudioVersion = 10.0.40219.1
Project("{FAE04EC0-301F-11D3-BF4B-00C04F79EFBC}") = "CourseManagementAPI", "CourseManagementAPI.csproj", "{60DC9436-9231-44F1-ABBC-0ACB0B9C03C0}"
EndProject
Global
	GlobalSection(SolutionConfigurationPlatforms) = preSolution
		Debug|Any CPU = Debug|Any CPU
		Release|Any CPU = Release|Any CPU
	EndGlobalSection
	GlobalSection(ProjectConfigurationPlatforms) = postSolution
		{60DC9436-9231-44F1-ABBC-0ACB0B9C03C0}.Debug|Any CPU.ActiveCfg = Debug|Any CPU
		{60DC9436-9231-44F1-ABBC-0ACB0B9C03C0}.Debug|Any CPU.Build.0 = Debug|Any CPU
		{60DC9436-9231-44F1-ABBC-0ACB0B9C03C0}.Release|Any CPU.ActiveCfg = Release|Any CPU
		{60DC9436-9231-44F1-ABBC-0ACB0B9C03C0}.Release|Any CPU.Build.0 = Release|Any CPU
	EndGlobalSection
	GlobalSection(SolutionProperties) = preSolution
		HideSolutionNode = FALSE
	EndGlobalSection
	GlobalSection(ExtensibilityGlobals) = postSolution
		SolutionGuid = {E20A5CAB-C4F1-479A-AEF9-5534A7E24D3D}
	EndGlobalSection
EndGlobal
